
Microsoft Visual Studio Solution File, Format Version 12.00
# Visual Studio Version 16
VisualStudioVersion = 16.0.29519.87
MinimumVisualStudioVersion = 10.0.40219.1
Project("{9A19103F-16F7-4668-BE54-9A1E7A4F7556}") = "Twitch", "Twitch\Twitch.csproj", "{F8ABC05F-74EA-4646-B5FF-D958657A7CC0}"
EndProject
Project("{9A19103F-16F7-4668-BE54-9A1E7A4F7556}") = "TwitchLib.Webhook", "TwitchLib.Webhook\TwitchLib.Webhook.csproj", "{4F68EFBE-32A2-4C96-8058-3013FAD18D50}"
EndProject
Project("{9A19103F-16F7-4668-BE54-9A1E7A4F7556}") = "Microsoft.AspNetCore.WebHooks.Receivers", "Microsoft.AspNetCore.WebHooks.Receivers\Microsoft.AspNetCore.WebHooks.Receivers.csproj", "{0940EE24-2723-4095-908F-FB5F4B53CAC3}"
EndProject
Project("{FAE04EC0-301F-11D3-BF4B-00C04F79EFBC}") = "TwitchOverlays", "TwitchOverlays\TwitchOverlays.csproj", "{40EF4C47-736C-447E-AD86-8BFB612EAD55}"
EndProject
Project("{FAE04EC0-301F-11D3-BF4B-00C04F79EFBC}") = "TwitchShared", "TwitchShared\TwitchShared.csproj", "{B12BA668-CC08-4E6B-A61B-87DA7AED0B04}"
EndProject
Global
	GlobalSection(SolutionConfigurationPlatforms) = preSolution
		Debug|Any CPU = Debug|Any CPU
		Release|Any CPU = Release|Any CPU
	EndGlobalSection
	GlobalSection(ProjectConfigurationPlatforms) = postSolution
		{F8ABC05F-74EA-4646-B5FF-D958657A7CC0}.Debug|Any CPU.ActiveCfg = Debug|Any CPU
		{F8ABC05F-74EA-4646-B5FF-D958657A7CC0}.Debug|Any CPU.Build.0 = Debug|Any CPU
		{F8ABC05F-74EA-4646-B5FF-D958657A7CC0}.Release|Any CPU.ActiveCfg = Release|Any CPU
		{F8ABC05F-74EA-4646-B5FF-D958657A7CC0}.Release|Any CPU.Build.0 = Release|Any CPU
		{4F68EFBE-32A2-4C96-8058-3013FAD18D50}.Debug|Any CPU.ActiveCfg = Debug|Any CPU
		{4F68EFBE-32A2-4C96-8058-3013FAD18D50}.Debug|Any CPU.Build.0 = Debug|Any CPU
		{4F68EFBE-32A2-4C96-8058-3013FAD18D50}.Release|Any CPU.ActiveCfg = Release|Any CPU
		{4F68EFBE-32A2-4C96-8058-3013FAD18D50}.Release|Any CPU.Build.0 = Release|Any CPU
		{0940EE24-2723-4095-908F-FB5F4B53CAC3}.Debug|Any CPU.ActiveCfg = Debug|Any CPU
		{0940EE24-2723-4095-908F-FB5F4B53CAC3}.Debug|Any CPU.Build.0 = Debug|Any CPU
		{0940EE24-2723-4095-908F-FB5F4B53CAC3}.Release|Any CPU.ActiveCfg = Release|Any CPU
		{0940EE24-2723-4095-908F-FB5F4B53CAC3}.Release|Any CPU.Build.0 = Release|Any CPU
		{40EF4C47-736C-447E-AD86-8BFB612EAD55}.Debug|Any CPU.ActiveCfg = Debug|Any CPU
		{40EF4C47-736C-447E-AD86-8BFB612EAD55}.Debug|Any CPU.Build.0 = Debug|Any CPU
		{40EF4C47-736C-447E-AD86-8BFB612EAD55}.Release|Any CPU.ActiveCfg = Release|Any CPU
		{40EF4C47-736C-447E-AD86-8BFB612EAD55}.Release|Any CPU.Build.0 = Release|Any CPU
		{B12BA668-CC08-4E6B-A61B-87DA7AED0B04}.Debug|Any CPU.ActiveCfg = Debug|Any CPU
		{B12BA668-CC08-4E6B-A61B-87DA7AED0B04}.Debug|Any CPU.Build.0 = Debug|Any CPU
		{B12BA668-CC08-4E6B-A61B-87DA7AED0B04}.Release|Any CPU.ActiveCfg = Release|Any CPU
		{B12BA668-CC08-4E6B-A61B-87DA7AED0B04}.Release|Any CPU.Build.0 = Release|Any CPU
	EndGlobalSection
	GlobalSection(SolutionProperties) = preSolution
		HideSolutionNode = FALSE
	EndGlobalSection
	GlobalSection(ExtensibilityGlobals) = postSolution
		SolutionGuid = {A07894D4-E3FC-42FE-ABE4-A9B8607C73A3}
	EndGlobalSection
EndGlobal
